
Microsoft Visual Studio Solution File, Format Version 12.00
# Visual Studio 15
VisualStudioVersion = 15.0.28307.572
MinimumVisualStudioVersion = 10.0.40219.1
Project("{FAE04EC0-301F-11D3-BF4B-00C04F79EFBC}") = "Projeto-1", "Projeto-1\Projeto-1.csproj", "{469DB6EB-0244-4F6F-AF2C-661FF944D4AF}"
EndProject
Project("{FAE04EC0-301F-11D3-BF4B-00C04F79EFBC}") = "Projeto-2 criando variaveis", "Projeto-2 criando variaveis\Projeto-2 criando variaveis.csproj", "{D477908A-6235-4338-96C1-762C999B0DBF}"
EndProject
Project("{FAE04EC0-301F-11D3-BF4B-00C04F79EFBC}") = "Projeto-3 CriandoVariaveisPontoFlutuante", "Projeto-3 CriandoVariaveisPontoFlutuante\Projeto-3 CriandoVariaveisPontoFlutuante.csproj", "{6B6175B9-FDFA-41A7-B7E4-AAE468A33C9F}"
EndProject
Project("{FAE04EC0-301F-11D3-BF4B-00C04F79EFBC}") = "Projeto-4 ConversoesEOutrosTiposNumericos", "Projeto-4 ConversoesEOutrosTiposNumericos\Projeto-4 ConversoesEOutrosTiposNumericos.csproj", "{A581A67F-0FA5-4863-81BB-1DF4EB5513FA}"
EndProject
Project("{FAE04EC0-301F-11D3-BF4B-00C04F79EFBC}") = "Projeto-5 CaracteresETextos", "Projeto-5 CaracteresETextos\Projeto-5 CaracteresETextos.csproj", "{5BAB3EAB-2A12-4F83-8A5B-65EB0EDBA78A}"
EndProject
Project("{FAE04EC0-301F-11D3-BF4B-00C04F79EFBC}") = "Projeto-6 AtribuicoesDeVariaveis", "Projeto-6 AtribuicoesDeVariaveis\Projeto-6 AtribuicoesDeVariaveis.csproj", "{A2D3F688-C4B6-4741-81FE-77A090EE530D}"
EndProject
Project("{FAE04EC0-301F-11D3-BF4B-00C04F79EFBC}") = "Projeto-7 Condicionais", "Projeto-7 Condicionais\Projeto-7 Condicionais.csproj", "{428DB931-C68C-433C-AD5D-EAF053E72052}"
EndProject
Project("{FAE04EC0-301F-11D3-BF4B-00C04F79EFBC}") = "Projeto-8 Condicionais2", "Projeto-8 Condicionais2\Projeto-8 Condicionais2.csproj", "{391BC12B-3C5C-4594-A174-78473F62980F}"
EndProject
Project("{FAE04EC0-301F-11D3-BF4B-00C04F79EFBC}") = "Projeto-9 Escopo", "Projeto-9 Escopo\Projeto-9 Escopo.csproj", "{940C97F0-50C0-4B5C-9593-6473BD0CC774}"
EndProject
Project("{FAE04EC0-301F-11D3-BF4B-00C04F79EFBC}") = "Projeto-10 LacoDeRepeticaoWhile", "Projeto-10 LacoDeRepeticaoWhile\Projeto-10 LacoDeRepeticaoWhile.csproj", "{72252359-6C65-41C5-A851-03ECBDA34941}"
EndProject
Project("{FAE04EC0-301F-11D3-BF4B-00C04F79EFBC}") = "Projeto-11 LacoDeRepeticaoFor", "Projeto-11 LacoDeRepeticaoFor\Projeto-11 LacoDeRepeticaoFor.csproj", "{C27013FB-5715-4BFB-AF72-4DF90257D9C6}"
EndProject
Project("{FAE04EC0-301F-11D3-BF4B-00C04F79EFBC}") = "Projeto-12 LacoDeRepeticaoFor2", "Projeto-12 LacoDeRepeticaoFor2\Projeto-12 LacoDeRepeticaoFor2.csproj", "{386DD831-DFFD-4F66-9B49-5A6BDF1145D6}"
EndProject
Project("{FAE04EC0-301F-11D3-BF4B-00C04F79EFBC}") = "Projeto-13 LacoDeRepeticaoFor3", "Projeto-13 LacoDeRepeticaoFor3\Projeto-13 LacoDeRepeticaoFor3.csproj", "{8159C661-3A96-47AB-BEEC-660AB4FC5B2E}"
EndProject
Project("{FAE04EC0-301F-11D3-BF4B-00C04F79EFBC}") = "Exercicio if", "Exercicio if\Exercicio if.csproj", "{1E95588D-134A-438C-847F-B89144305E75}"
EndProject
Global
	GlobalSection(SolutionConfigurationPlatforms) = preSolution
		Debug|Any CPU = Debug|Any CPU
		Release|Any CPU = Release|Any CPU
	EndGlobalSection
	GlobalSection(ProjectConfigurationPlatforms) = postSolution
		{469DB6EB-0244-4F6F-AF2C-661FF944D4AF}.Debug|Any CPU.ActiveCfg = Debug|Any CPU
		{469DB6EB-0244-4F6F-AF2C-661FF944D4AF}.Debug|Any CPU.Build.0 = Debug|Any CPU
		{469DB6EB-0244-4F6F-AF2C-661FF944D4AF}.Release|Any CPU.ActiveCfg = Release|Any CPU
		{469DB6EB-0244-4F6F-AF2C-661FF944D4AF}.Release|Any CPU.Build.0 = Release|Any CPU
		{D477908A-6235-4338-96C1-762C999B0DBF}.Debug|Any CPU.ActiveCfg = Debug|Any CPU
		{D477908A-6235-4338-96C1-762C999B0DBF}.Debug|Any CPU.Build.0 = Debug|Any CPU
		{D477908A-6235-4338-96C1-762C999B0DBF}.Release|Any CPU.ActiveCfg = Release|Any CPU
		{D477908A-6235-4338-96C1-762C999B0DBF}.Release|Any CPU.Build.0 = Release|Any CPU
		{6B6175B9-FDFA-41A7-B7E4-AAE468A33C9F}.Debug|Any CPU.ActiveCfg = Debug|Any CPU
		{6B6175B9-FDFA-41A7-B7E4-AAE468A33C9F}.Debug|Any CPU.Build.0 = Debug|Any CPU
		{6B6175B9-FDFA-41A7-B7E4-AAE468A33C9F}.Release|Any CPU.ActiveCfg = Release|Any CPU
		{6B6175B9-FDFA-41A7-B7E4-AAE468A33C9F}.Release|Any CPU.Build.0 = Release|Any CPU
		{A581A67F-0FA5-4863-81BB-1DF4EB5513FA}.Debug|Any CPU.ActiveCfg = Debug|Any CPU
		{A581A67F-0FA5-4863-81BB-1DF4EB5513FA}.Debug|Any CPU.Build.0 = Debug|Any CPU
		{A581A67F-0FA5-4863-81BB-1DF4EB5513FA}.Release|Any CPU.ActiveCfg = Release|Any CPU
		{A581A67F-0FA5-4863-81BB-1DF4EB5513FA}.Release|Any CPU.Build.0 = Release|Any CPU
		{5BAB3EAB-2A12-4F83-8A5B-65EB0EDBA78A}.Debug|Any CPU.ActiveCfg = Debug|Any CPU
		{5BAB3EAB-2A12-4F83-8A5B-65EB0EDBA78A}.Debug|Any CPU.Build.0 = Debug|Any CPU
		{5BAB3EAB-2A12-4F83-8A5B-65EB0EDBA78A}.Release|Any CPU.ActiveCfg = Release|Any CPU
		{5BAB3EAB-2A12-4F83-8A5B-65EB0EDBA78A}.Release|Any CPU.Build.0 = Release|Any CPU
		{A2D3F688-C4B6-4741-81FE-77A090EE530D}.Debug|Any CPU.ActiveCfg = Debug|Any CPU
		{A2D3F688-C4B6-4741-81FE-77A090EE530D}.Debug|Any CPU.Build.0 = Debug|Any CPU
		{A2D3F688-C4B6-4741-81FE-77A090EE530D}.Release|Any CPU.ActiveCfg = Release|Any CPU
		{A2D3F688-C4B6-4741-81FE-77A090EE530D}.Release|Any CPU.Build.0 = Release|Any CPU
		{428DB931-C68C-433C-AD5D-EAF053E72052}.Debug|Any CPU.ActiveCfg = Debug|Any CPU
		{428DB931-C68C-433C-AD5D-EAF053E72052}.Debug|Any CPU.Build.0 = Debug|Any CPU
		{428DB931-C68C-433C-AD5D-EAF053E72052}.Release|Any CPU.ActiveCfg = Release|Any CPU
		{428DB931-C68C-433C-AD5D-EAF053E72052}.Release|Any CPU.Build.0 = Release|Any CPU
		{391BC12B-3C5C-4594-A174-78473F62980F}.Debug|Any CPU.ActiveCfg = Debug|Any CPU
		{391BC12B-3C5C-4594-A174-78473F62980F}.Debug|Any CPU.Build.0 = Debug|Any CPU
		{391BC12B-3C5C-4594-A174-78473F62980F}.Release|Any CPU.ActiveCfg = Release|Any CPU
		{391BC12B-3C5C-4594-A174-78473F62980F}.Release|Any CPU.Build.0 = Release|Any CPU
		{940C97F0-50C0-4B5C-9593-6473BD0CC774}.Debug|Any CPU.ActiveCfg = Debug|Any CPU
		{940C97F0-50C0-4B5C-9593-6473BD0CC774}.Debug|Any CPU.Build.0 = Debug|Any CPU
		{940C97F0-50C0-4B5C-9593-6473BD0CC774}.Release|Any CPU.ActiveCfg = Release|Any CPU
		{940C97F0-50C0-4B5C-9593-6473BD0CC774}.Release|Any CPU.Build.0 = Release|Any CPU
		{72252359-6C65-41C5-A851-03ECBDA34941}.Debug|Any CPU.ActiveCfg = Debug|Any CPU
		{72252359-6C65-41C5-A851-03ECBDA34941}.Debug|Any CPU.Build.0 = Debug|Any CPU
		{72252359-6C65-41C5-A851-03ECBDA34941}.Release|Any CPU.ActiveCfg = Release|Any CPU
		{72252359-6C65-41C5-A851-03ECBDA34941}.Release|Any CPU.Build.0 = Release|Any CPU
		{C27013FB-5715-4BFB-AF72-4DF90257D9C6}.Debug|Any CPU.ActiveCfg = Debug|Any CPU
		{C27013FB-5715-4BFB-AF72-4DF90257D9C6}.Debug|Any CPU.Build.0 = Debug|Any CPU
		{C27013FB-5715-4BFB-AF72-4DF90257D9C6}.Release|Any CPU.ActiveCfg = Release|Any CPU
		{C27013FB-5715-4BFB-AF72-4DF90257D9C6}.Release|Any CPU.Build.0 = Release|Any CPU
		{386DD831-DFFD-4F66-9B49-5A6BDF1145D6}.Debug|Any CPU.ActiveCfg = Debug|Any CPU
		{386DD831-DFFD-4F66-9B49-5A6BDF1145D6}.Debug|Any CPU.Build.0 = Debug|Any CPU
		{386DD831-DFFD-4F66-9B49-5A6BDF1145D6}.Release|Any CPU.ActiveCfg = Release|Any CPU
		{386DD831-DFFD-4F66-9B49-5A6BDF1145D6}.Release|Any CPU.Build.0 = Release|Any CPU
		{8159C661-3A96-47AB-BEEC-660AB4FC5B2E}.Debug|Any CPU.ActiveCfg = Debug|Any CPU
		{8159C661-3A96-47AB-BEEC-660AB4FC5B2E}.Debug|Any CPU.Build.0 = Debug|Any CPU
		{8159C661-3A96-47AB-BEEC-660AB4FC5B2E}.Release|Any CPU.ActiveCfg = Release|Any CPU
		{8159C661-3A96-47AB-BEEC-660AB4FC5B2E}.Release|Any CPU.Build.0 = Release|Any CPU
		{1E95588D-134A-438C-847F-B89144305E75}.Debug|Any CPU.ActiveCfg = Debug|Any CPU
		{1E95588D-134A-438C-847F-B89144305E75}.Debug|Any CPU.Build.0 = Debug|Any CPU
		{1E95588D-134A-438C-847F-B89144305E75}.Release|Any CPU.ActiveCfg = Release|Any CPU
		{1E95588D-134A-438C-847F-B89144305E75}.Release|Any CPU.Build.0 = Release|Any CPU
	EndGlobalSection
	GlobalSection(SolutionProperties) = preSolution
		HideSolutionNode = FALSE
	EndGlobalSection
	GlobalSection(ExtensibilityGlobals) = postSolution
		SolutionGuid = {043559C8-C4B5-4CC2-ACA1-71ECB960B35B}
	EndGlobalSection
EndGlobal
