
Microsoft Visual Studio Solution File, Format Version 12.00
# Visual Studio 15
VisualStudioVersion = 15.0.28307.572
MinimumVisualStudioVersion = 10.0.40219.1
Project("{FAE04EC0-301F-11D3-BF4B-00C04F79EFBC}") = "DesignpatternsII", "DesignpatternsII\DesignpatternsII.csproj", "{42695A90-88B8-42F7-8818-2F535896639F}"
EndProject
Project("{FAE04EC0-301F-11D3-BF4B-00C04F79EFBC}") = "ExercicioMusica", "ExercicioMusica\ExercicioMusica.csproj", "{1243145D-0320-46A1-B757-E08B49AC9FF0}"
EndProject
Global
	GlobalSection(SolutionConfigurationPlatforms) = preSolution
		Debug|Any CPU = Debug|Any CPU
		Release|Any CPU = Release|Any CPU
	EndGlobalSection
	GlobalSection(ProjectConfigurationPlatforms) = postSolution
		{42695A90-88B8-42F7-8818-2F535896639F}.Debug|Any CPU.ActiveCfg = Debug|Any CPU
		{42695A90-88B8-42F7-8818-2F535896639F}.Debug|Any CPU.Build.0 = Debug|Any CPU
		{42695A90-88B8-42F7-8818-2F535896639F}.Release|Any CPU.ActiveCfg = Release|Any CPU
		{42695A90-88B8-42F7-8818-2F535896639F}.Release|Any CPU.Build.0 = Release|Any CPU
		{1243145D-0320-46A1-B757-E08B49AC9FF0}.Debug|Any CPU.ActiveCfg = Debug|Any CPU
		{1243145D-0320-46A1-B757-E08B49AC9FF0}.Debug|Any CPU.Build.0 = Debug|Any CPU
		{1243145D-0320-46A1-B757-E08B49AC9FF0}.Release|Any CPU.ActiveCfg = Release|Any CPU
		{1243145D-0320-46A1-B757-E08B49AC9FF0}.Release|Any CPU.Build.0 = Release|Any CPU
	EndGlobalSection
	GlobalSection(SolutionProperties) = preSolution
		HideSolutionNode = FALSE
	EndGlobalSection
	GlobalSection(ExtensibilityGlobals) = postSolution
		SolutionGuid = {3D971563-F66D-4C09-85D8-A5B3E12042A8}
	EndGlobalSection
EndGlobal
